github.com/innotechdevops/openmeteo v1.0.0 h1:2O6bhkFOU54kSxJ5ogr4jNiK6rwbyOsrggn4A95TvBM=
github.com/innotechdevops/openmeteo v1.0.0/go.mod h1:K3p/Ewvpj3D8/e3i4dK2Df1TKzDi/XcWZ0Iu5uXXGYw=
github.com/innotechdevops/openweather v1.0.0 h1:PEOX8qWExcy93eqOt+pd0R72SHGoAEfv+xACzbmcx8s=
github.com/innotechdevops/openweather v1.0.0/go.mod h1:6AvpdQArLFxMQrkdVQrdiYSnnMkXglbYScmnhIe85bU=
github.com/prongbang/callx v1.2.3 h1:9wGsMcxyd780SqWkTZ/qo2ghph2v6aKT3xwmeSHV/mk=
github.com/prongbang/callx v1.2.3/go.mod h1:KVi8mahJ6/eu1RcagQuy0pikP6QrFmKQ598wsmXVnto=
